{
  "lockfileVersion": 1,
  "configVersion": 1,
  "workspaces": {
    "": {
      "name": "event-service",
      "dependencies": {
        "@prisma/client": "^6.1.0",
        "@types/node": "^22.0.0",
      },
    },
  },
  "packages": {
    "@prisma/client": ["@prisma/client@6.19.2", "", { "peerDependencies": { "prisma": "*", "typescript": ">=5.1.0" }, "optionalPeers": ["prisma", "typescript"] }, "sha512-gR2EMvfK/aTxsuooaDA32D8v+us/8AAet+C3J1cc04SW35FPdZYgLF+iN4NDLUgAaUGTKdAB0CYenu1TAgGdMg=="],

    "@types/node": ["@types/node@22.19.13", "", { "dependencies": { "undici-types": "~6.21.0" } }, "sha512-akNQMv0wW5uyRpD2v2IEyRSZiR+BeGuoB6L310EgGObO44HSMNT8z1xzio28V8qOrgYaopIDNA18YgdXd+qTiw=="],

    "undici-types": ["undici-types@6.21.0", "", {}, "sha512-iwDZqg0QAGrg9Rav5H4n0M64c3mkR59cJ6wQp+7C4nI0gsmExaedaYLNO44eT4AtBBwjbTiGPMlt2Md0T9H9JQ=="],
  }
}
